// !$*UTF8*$!
{
	archiveVersion = 1;
	classes = {
	};
	objectVersion = 50;
	objects = {

/* Begin PBXBuildFile section */
		058557BB273AAA24004C7B11 /* Assets.xcassets in Resources */ = {isa = PBXBuildFile; fileRef = 058557BA273AAA24004C7B11 /* Assets.xcassets */; };
		058557D9273AAEEB004C7B11 /* Preview Assets.xcassets in Resources */ = {isa = PBXBuildFile; fileRef = 058557D8273AAEEB004C7B11 /* Preview Assets.xcassets */; };
		2152FB042600AC8F00CF470E /* iOSApp.swift in Sources */ = {isa = PBXBuildFile; fileRef = 2152FB032600AC8F00CF470E /* iOSApp.swift */; };
		7555FF83242A565900829871 /* ContentView.swift in Sources */ = {isa = PBXBuildFile; fileRef = 7555FF82242A565900829871 /* ContentView.swift */; };
		8C3700312AAF2D4C00987AA3 /* MainTabbedView.swift in Sources */ = {isa = PBXBuildFile; fileRef = 8C3700302AAF2D4C00987AA3 /* MainTabbedView.swift */; };
		8C37003D2AAF2DA500987AA3 /* SupportView.swift in Sources */ = {isa = PBXBuildFile; fileRef = 8C37003C2AAF2DA500987AA3 /* SupportView.swift */; };
		8C37003F2AAF2DAC00987AA3 /* ServicesView.swift in Sources */ = {isa = PBXBuildFile; fileRef = 8C37003E2AAF2DAC00987AA3 /* ServicesView.swift */; };
		8C3700442AAF2DBC00987AA3 /* MoreView.swift in Sources */ = {isa = PBXBuildFile; fileRef = 8C3700432AAF2DBC00987AA3 /* MoreView.swift */; };
		8C3700462AAF2DC200987AA3 /* BillingView.swift in Sources */ = {isa = PBXBuildFile; fileRef = 8C3700452AAF2DC100987AA3 /* BillingView.swift */; };
		8C3700482AAF2DC800987AA3 /* MessagesView.swift in Sources */ = {isa = PBXBuildFile; fileRef = 8C3700472AAF2DC800987AA3 /* MessagesView.swift */; };
		8C37004C2AAF2E2100987AA3 /* SetReactiveMethods.swift in Sources */ = {isa = PBXBuildFile; fileRef = 8C37004A2AAF2E2100987AA3 /* SetReactiveMethods.swift */; };
		8C37004D2AAF2E2100987AA3 /* AppEventsManager.swift in Sources */ = {isa = PBXBuildFile; fileRef = 8C37004B2AAF2E2100987AA3 /* AppEventsManager.swift */; };
		8C3700512AAF2E6100987AA3 /* FullScreenNavigationViewType.swift in Sources */ = {isa = PBXBuildFile; fileRef = 8C37004F2AAF2E6100987AA3 /* FullScreenNavigationViewType.swift */; };
		8C3700522AAF2E6100987AA3 /* FullScreenNavigationView.swift in Sources */ = {isa = PBXBuildFile; fileRef = 8C3700502AAF2E6100987AA3 /* FullScreenNavigationView.swift */; };
		8C3700532AAF2E7600987AA3 /* SecondView.swift in Sources */ = {isa = PBXBuildFile; fileRef = 8C3700412AAF2DB300987AA3 /* SecondView.swift */; };
		8C3700542AAF2E7600987AA3 /* ThirdView.swift in Sources */ = {isa = PBXBuildFile; fileRef = 8C3700422AAF2DB300987AA3 /* ThirdView.swift */; };
		8C3700572AAF3DC300987AA3 /* PostViewModel.swift in Sources */ = {isa = PBXBuildFile; fileRef = 8C3700562AAF3DC300987AA3 /* PostViewModel.swift */; };
		8C37005A2AAF3DE800987AA3 /* Post.swift in Sources */ = {isa = PBXBuildFile; fileRef = 8C3700592AAF3DE800987AA3 /* Post.swift */; };
		8C37005D2AAF48CB00987AA3 /* RocketLaunchRow.swift in Sources */ = {isa = PBXBuildFile; fileRef = 8C37005C2AAF48CB00987AA3 /* RocketLaunchRow.swift */; };
		8C42E4FA2AB7954F00AF560E /* UsageView.swift in Sources */ = {isa = PBXBuildFile; fileRef = 8C42E4F92AB7954F00AF560E /* UsageView.swift */; };
		8C42E4FC2AB7957200AF560E /* EquipmentView.swift in Sources */ = {isa = PBXBuildFile; fileRef = 8C42E4FB2AB7957200AF560E /* EquipmentView.swift */; };
		8C42E4FE2AB7957D00AF560E /* PackageView.swift in Sources */ = {isa = PBXBuildFile; fileRef = 8C42E4FD2AB7957D00AF560E /* PackageView.swift */; };
		8C42E5002ABF1A2500AF560E /* CardView.swift in Sources */ = {isa = PBXBuildFile; fileRef = 8C42E4FF2ABF1A2500AF560E /* CardView.swift */; };
		8C42E5022ABF1E2E00AF560E /* TabBarItem.swift in Sources */ = {isa = PBXBuildFile; fileRef = 8C42E5012ABF1E2E00AF560E /* TabBarItem.swift */; };
		8C42E5042ABF21C400AF560E /* TabBarView.swift in Sources */ = {isa = PBXBuildFile; fileRef = 8C42E5032ABF21C400AF560E /* TabBarView.swift */; };
		8C42E5062ABF7DB800AF560E /* Constants.swift in Sources */ = {isa = PBXBuildFile; fileRef = 8C42E5052ABF7DB800AF560E /* Constants.swift */; };
/* End PBXBuildFile section */

/* Begin PBXCopyFilesBuildPhase section */
		7555FFB4242A642300829871 /* Embed Frameworks */ = {
			isa = PBXCopyFilesBuildPhase;
			buildActionMask = 2147483647;
			dstPath = "";
			dstSubfolderSpec = 10;
			files = (
			);
			name = "Embed Frameworks";
			runOnlyForDeploymentPostprocessing = 0;
		};
/* End PBXCopyFilesBuildPhase section */

/* Begin PBXFileReference section */
		058557BA273AAA24004C7B11 /* Assets.xcassets */ = {isa = PBXFileReference; lastKnownFileType = folder.assetcatalog; path = Assets.xcassets; sourceTree = "<group>"; };
		058557D8273AAEEB004C7B11 /* Preview Assets.xcassets */ = {isa = PBXFileReference; lastKnownFileType = folder.assetcatalog; path = "Preview Assets.xcassets"; sourceTree = "<group>"; };
		2152FB032600AC8F00CF470E /* iOSApp.swift */ = {isa = PBXFileReference; lastKnownFileType = sourcecode.swift; path = iOSApp.swift; sourceTree = "<group>"; };
		7555FF7B242A565900829871 /* iosApp.app */ = {isa = PBXFileReference; explicitFileType = wrapper.application; includeInIndex = 0; path = iosApp.app; sourceTree = BUILT_PRODUCTS_DIR; };
		7555FF82242A565900829871 /* ContentView.swift */ = {isa = PBXFileReference; lastKnownFileType = sourcecode.swift; path = ContentView.swift; sourceTree = "<group>"; };
		7555FF8C242A565B00829871 /* Info.plist */ = {isa = PBXFileReference; lastKnownFileType = text.plist.xml; path = Info.plist; sourceTree = "<group>"; };
		8C3700302AAF2D4C00987AA3 /* MainTabbedView.swift */ = {isa = PBXFileReference; lastKnownFileType = sourcecode.swift; path = MainTabbedView.swift; sourceTree = "<group>"; };
		8C37003C2AAF2DA500987AA3 /* SupportView.swift */ = {isa = PBXFileReference; lastKnownFileType = sourcecode.swift; path = SupportView.swift; sourceTree = "<group>"; };
		8C37003E2AAF2DAC00987AA3 /* ServicesView.swift */ = {isa = PBXFileReference; lastKnownFileType = sourcecode.swift; path = ServicesView.swift; sourceTree = "<group>"; };
		8C3700412AAF2DB300987AA3 /* SecondView.swift */ = {isa = PBXFileReference; lastKnownFileType = sourcecode.swift; path = SecondView.swift; sourceTree = "<group>"; };
		8C3700422AAF2DB300987AA3 /* ThirdView.swift */ = {isa = PBXFileReference; lastKnownFileType = sourcecode.swift; path = ThirdView.swift; sourceTree = "<group>"; };
		8C3700432AAF2DBC00987AA3 /* MoreView.swift */ = {isa = PBXFileReference; lastKnownFileType = sourcecode.swift; path = MoreView.swift; sourceTree = "<group>"; };
		8C3700452AAF2DC100987AA3 /* BillingView.swift */ = {isa = PBXFileReference; lastKnownFileType = sourcecode.swift; path = BillingView.swift; sourceTree = "<group>"; };
		8C3700472AAF2DC800987AA3 /* MessagesView.swift */ = {isa = PBXFileReference; lastKnownFileType = sourcecode.swift; path = MessagesView.swift; sourceTree = "<group>"; };
		8C37004A2AAF2E2100987AA3 /* SetReactiveMethods.swift */ = {isa = PBXFileReference; fileEncoding = 4; lastKnownFileType = sourcecode.swift; path = SetReactiveMethods.swift; sourceTree = "<group>"; };
		8C37004B2AAF2E2100987AA3 /* AppEventsManager.swift */ = {isa = PBXFileReference; fileEncoding = 4; lastKnownFileType = sourcecode.swift; path = AppEventsManager.swift; sourceTree = "<group>"; };
		8C37004F2AAF2E6100987AA3 /* FullScreenNavigationViewType.swift */ = {isa = PBXFileReference; fileEncoding = 4; lastKnownFileType = sourcecode.swift; path = FullScreenNavigationViewType.swift; sourceTree = "<group>"; };
		8C3700502AAF2E6100987AA3 /* FullScreenNavigationView.swift */ = {isa = PBXFileReference; fileEncoding = 4; lastKnownFileType = sourcecode.swift; path = FullScreenNavigationView.swift; sourceTree = "<group>"; };
		8C3700562AAF3DC300987AA3 /* PostViewModel.swift */ = {isa = PBXFileReference; lastKnownFileType = sourcecode.swift; path = PostViewModel.swift; sourceTree = "<group>"; };
		8C3700592AAF3DE800987AA3 /* Post.swift */ = {isa = PBXFileReference; lastKnownFileType = sourcecode.swift; path = Post.swift; sourceTree = "<group>"; };
		8C37005C2AAF48CB00987AA3 /* RocketLaunchRow.swift */ = {isa = PBXFileReference; lastKnownFileType = sourcecode.swift; path = RocketLaunchRow.swift; sourceTree = "<group>"; };
		8C42E4F92AB7954F00AF560E /* UsageView.swift */ = {isa = PBXFileReference; lastKnownFileType = sourcecode.swift; path = UsageView.swift; sourceTree = "<group>"; };
		8C42E4FB2AB7957200AF560E /* EquipmentView.swift */ = {isa = PBXFileReference; lastKnownFileType = sourcecode.swift; path = EquipmentView.swift; sourceTree = "<group>"; };
		8C42E4FD2AB7957D00AF560E /* PackageView.swift */ = {isa = PBXFileReference; lastKnownFileType = sourcecode.swift; path = PackageView.swift; sourceTree = "<group>"; };
		8C42E4FF2ABF1A2500AF560E /* CardView.swift */ = {isa = PBXFileReference; lastKnownFileType = sourcecode.swift; path = CardView.swift; sourceTree = "<group>"; };
		8C42E5012ABF1E2E00AF560E /* TabBarItem.swift */ = {isa = PBXFileReference; lastKnownFileType = sourcecode.swift; path = TabBarItem.swift; sourceTree = "<group>"; };
		8C42E5032ABF21C400AF560E /* TabBarView.swift */ = {isa = PBXFileReference; lastKnownFileType = sourcecode.swift; path = TabBarView.swift; sourceTree = "<group>"; };
		8C42E5052ABF7DB800AF560E /* Constants.swift */ = {isa = PBXFileReference; lastKnownFileType = sourcecode.swift; path = Constants.swift; sourceTree = "<group>"; };
/* End PBXFileReference section */

/* Begin PBXFrameworksBuildPhase section */
		7555FF78242A565900829871 /* Frameworks */ = {
			isa = PBXFrameworksBuildPhase;
			buildActionMask = 2147483647;
			files = (
			);
			runOnlyForDeploymentPostprocessing = 0;
		};
/* End PBXFrameworksBuildPhase section */

/* Begin PBXGroup section */
		058557D7273AAEEB004C7B11 /* Preview Content */ = {
			isa = PBXGroup;
			children = (
				058557D8273AAEEB004C7B11 /* Preview Assets.xcassets */,
			);
			path = "Preview Content";
			sourceTree = "<group>";
		};
		7555FF72242A565900829871 = {
			isa = PBXGroup;
			children = (
				7555FF7D242A565900829871 /* iosApp */,
				7555FF7C242A565900829871 /* Products */,
				7555FFB0242A642200829871 /* Frameworks */,
			);
			sourceTree = "<group>";
		};
		7555FF7C242A565900829871 /* Products */ = {
			isa = PBXGroup;
			children = (
				7555FF7B242A565900829871 /* iosApp.app */,
			);
			name = Products;
			sourceTree = "<group>";
		};
		7555FF7D242A565900829871 /* iosApp */ = {
			isa = PBXGroup;
			children = (
				8C37005B2AAF48BD00987AA3 /* Views */,
				8C3700582AAF3DD900987AA3 /* Model */,
				8C3700552AAF3DB200987AA3 /* ViewModels */,
				8C37004E2AAF2E4B00987AA3 /* Global */,
				8C3700492AAF2DFC00987AA3 /* Utilities */,
				8C37002F2AAF2D3100987AA3 /* Screens */,
				058557BA273AAA24004C7B11 /* Assets.xcassets */,
				7555FF82242A565900829871 /* ContentView.swift */,
				7555FF8C242A565B00829871 /* Info.plist */,
				2152FB032600AC8F00CF470E /* iOSApp.swift */,
				058557D7273AAEEB004C7B11 /* Preview Content */,
			);
			path = iosApp;
			sourceTree = "<group>";
		};
		7555FFB0242A642200829871 /* Frameworks */ = {
			isa = PBXGroup;
			children = (
			);
			name = Frameworks;
			sourceTree = "<group>";
		};
		8C37002F2AAF2D3100987AA3 /* Screens */ = {
			isa = PBXGroup;
			children = (
				8C42E4F82AB7953000AF560E /* Views */,
				8C37003C2AAF2DA500987AA3 /* SupportView.swift */,
				8C37003E2AAF2DAC00987AA3 /* ServicesView.swift */,
				8C3700472AAF2DC800987AA3 /* MessagesView.swift */,
				8C3700452AAF2DC100987AA3 /* BillingView.swift */,
				8C3700412AAF2DB300987AA3 /* SecondView.swift */,
				8C3700422AAF2DB300987AA3 /* ThirdView.swift */,
				8C3700432AAF2DBC00987AA3 /* MoreView.swift */,
				8C3700302AAF2D4C00987AA3 /* MainTabbedView.swift */,
			);
			path = Screens;
			sourceTree = "<group>";
		};
		8C3700492AAF2DFC00987AA3 /* Utilities */ = {
			isa = PBXGroup;
			children = (
				8C37004B2AAF2E2100987AA3 /* AppEventsManager.swift */,
				8C37004A2AAF2E2100987AA3 /* SetReactiveMethods.swift */,
				8C42E5052ABF7DB800AF560E /* Constants.swift */,
			);
			path = Utilities;
			sourceTree = "<group>";
		};
		8C37004E2AAF2E4B00987AA3 /* Global */ = {
			isa = PBXGroup;
			children = (
				8C3700502AAF2E6100987AA3 /* FullScreenNavigationView.swift */,
				8C37004F2AAF2E6100987AA3 /* FullScreenNavigationViewType.swift */,
			);
			path = Global;
			sourceTree = "<group>";
		};
		8C3700552AAF3DB200987AA3 /* ViewModels */ = {
			isa = PBXGroup;
			children = (
				8C3700562AAF3DC300987AA3 /* PostViewModel.swift */,
			);
			path = ViewModels;
			sourceTree = "<group>";
		};
		8C3700582AAF3DD900987AA3 /* Model */ = {
			isa = PBXGroup;
			children = (
				8C3700592AAF3DE800987AA3 /* Post.swift */,
			);
			path = Model;
			sourceTree = "<group>";
		};
		8C37005B2AAF48BD00987AA3 /* Views */ = {
			isa = PBXGroup;
			children = (
				8C37005C2AAF48CB00987AA3 /* RocketLaunchRow.swift */,
				8C42E4FF2ABF1A2500AF560E /* CardView.swift */,
				8C42E5012ABF1E2E00AF560E /* TabBarItem.swift */,
				8C42E5032ABF21C400AF560E /* TabBarView.swift */,
			);
			path = Views;
			sourceTree = "<group>";
		};
		8C42E4F82AB7953000AF560E /* Views */ = {
			isa = PBXGroup;
			children = (
				8C42E4F92AB7954F00AF560E /* UsageView.swift */,
				8C42E4FB2AB7957200AF560E /* EquipmentView.swift */,
				8C42E4FD2AB7957D00AF560E /* PackageView.swift */,
			);
			path = Views;
			sourceTree = "<group>";
		};
/* End PBXGroup section */

/* Begin PBXNativeTarget section */
		7555FF7A242A565900829871 /* iosApp */ = {
			isa = PBXNativeTarget;
			buildConfigurationList = 7555FFA5242A565B00829871 /* Build configuration list for PBXNativeTarget "iosApp" */;
			buildPhases = (
				7555FFB5242A651A00829871 /* ShellScript */,
				7555FF77242A565900829871 /* Sources */,
				7555FF78242A565900829871 /* Frameworks */,
				7555FF79242A565900829871 /* Resources */,
				7555FFB4242A642300829871 /* Embed Frameworks */,
			);
			buildRules = (
			);
			dependencies = (
			);
			name = iosApp;
			productName = iosApp;
			productReference = 7555FF7B242A565900829871 /* iosApp.app */;
			productType = "com.apple.product-type.application";
		};
/* End PBXNativeTarget section */

/* Begin PBXProject section */
		7555FF73242A565900829871 /* Project object */ = {
			isa = PBXProject;
			attributes = {
				LastSwiftUpdateCheck = 1130;
				LastUpgradeCheck = 1130;
				ORGANIZATIONNAME = orgName;
				TargetAttributes = {
					7555FF7A242A565900829871 = {
						CreatedOnToolsVersion = 11.3.1;
					};
				};
			};
			buildConfigurationList = 7555FF76242A565900829871 /* Build configuration list for PBXProject "iosApp" */;
			compatibilityVersion = "Xcode 9.3";
			developmentRegion = en;
			hasScannedForEncodings = 0;
			knownRegions = (
				en,
				Base,
			);
			mainGroup = 7555FF72242A565900829871;
			productRefGroup = 7555FF7C242A565900829871 /* Products */;
			projectDirPath = "";
			projectRoot = "";
			targets = (
				7555FF7A242A565900829871 /* iosApp */,
			);
		};
/* End PBXProject section */

/* Begin PBXResourcesBuildPhase section */
		7555FF79242A565900829871 /* Resources */ = {
			isa = PBXResourcesBuildPhase;
			buildActionMask = 2147483647;
			files = (
				058557D9273AAEEB004C7B11 /* Preview Assets.xcassets in Resources */,
				058557BB273AAA24004C7B11 /* Assets.xcassets in Resources */,
			);
			runOnlyForDeploymentPostprocessing = 0;
		};
/* End PBXResourcesBuildPhase section */

/* Begin PBXShellScriptBuildPhase section */
		7555FFB5242A651A00829871 /* ShellScript */ = {
			isa = PBXShellScriptBuildPhase;
			buildActionMask = 2147483647;
			files = (
			);
			inputFileListPaths = (
			);
			inputPaths = (
			);
			outputFileListPaths = (
			);
			outputPaths = (
			);
			runOnlyForDeploymentPostprocessing = 0;
			shellPath = /bin/sh;
			shellScript = "cd \"$SRCROOT/..\"\n./gradlew :shared:embedAndSignAppleFrameworkForXcode\n";
		};
/* End PBXShellScriptBuildPhase section */

/* Begin PBXSourcesBuildPhase section */
		7555FF77242A565900829871 /* Sources */ = {
			isa = PBXSourcesBuildPhase;
			buildActionMask = 2147483647;
			files = (
				8C3700572AAF3DC300987AA3 /* PostViewModel.swift in Sources */,
				8C37005D2AAF48CB00987AA3 /* RocketLaunchRow.swift in Sources */,
				8C3700542AAF2E7600987AA3 /* ThirdView.swift in Sources */,
				8C3700512AAF2E6100987AA3 /* FullScreenNavigationViewType.swift in Sources */,
				8C42E5022ABF1E2E00AF560E /* TabBarItem.swift in Sources */,
				8C42E4FC2AB7957200AF560E /* EquipmentView.swift in Sources */,
				8C42E4FA2AB7954F00AF560E /* UsageView.swift in Sources */,
				8C37004C2AAF2E2100987AA3 /* SetReactiveMethods.swift in Sources */,
				8C42E5002ABF1A2500AF560E /* CardView.swift in Sources */,
				8C37003D2AAF2DA500987AA3 /* SupportView.swift in Sources */,
				8C3700522AAF2E6100987AA3 /* FullScreenNavigationView.swift in Sources */,
				2152FB042600AC8F00CF470E /* iOSApp.swift in Sources */,
				8C3700312AAF2D4C00987AA3 /* MainTabbedView.swift in Sources */,
				8C3700462AAF2DC200987AA3 /* BillingView.swift in Sources */,
				8C37003F2AAF2DAC00987AA3 /* ServicesView.swift in Sources */,
				8C37004D2AAF2E2100987AA3 /* AppEventsManager.swift in Sources */,
				8C37005A2AAF3DE800987AA3 /* Post.swift in Sources */,
				8C3700442AAF2DBC00987AA3 /* MoreView.swift in Sources */,
				8C42E4FE2AB7957D00AF560E /* PackageView.swift in Sources */,
				8C42E5042ABF21C400AF560E /* TabBarView.swift in Sources */,
				8C3700532AAF2E7600987AA3 /* SecondView.swift in Sources */,
				7555FF83242A565900829871 /* ContentView.swift in Sources */,
				8C3700482AAF2DC800987AA3 /* MessagesView.swift in Sources */,
				8C42E5062ABF7DB800AF560E /* Constants.swift in Sources */,
			);
			runOnlyForDeploymentPostprocessing = 0;
		};
/* End PBXSourcesBuildPhase section */

/* Begin XCBuildConfiguration section */
		7555FFA3242A565B00829871 /* Debug */ = {
			isa = XCBuildConfiguration;
			buildSettings = {
				ALWAYS_SEARCH_USER_PATHS = NO;
				CLANG_ANALYZER_NONNULL = YES;
				CLANG_ANALYZER_NUMBER_OBJECT_CONVERSION = YES_AGGRESSIVE;
				CLANG_CXX_LANGUAGE_STANDARD = "gnu++14";
				CLANG_CXX_LIBRARY = "libc++";
				CLANG_ENABLE_MODULES = YES;
				CLANG_ENABLE_OBJC_ARC = YES;
				CLANG_ENABLE_OBJC_WEAK = YES;
				CLANG_WARN_BLOCK_CAPTURE_AUTORELEASING = YES;
				CLANG_WARN_BOOL_CONVERSION = YES;
				CLANG_WARN_COMMA = YES;
				CLANG_WARN_CONSTANT_CONVERSION = YES;
				CLANG_WARN_DEPRECATED_OBJC_IMPLEMENTATIONS = YES;
				CLANG_WARN_DIRECT_OBJC_ISA_USAGE = YES_ERROR;
				CLANG_WARN_DOCUMENTATION_COMMENTS = YES;
				CLANG_WARN_EMPTY_BODY = YES;
				CLANG_WARN_ENUM_CONVERSION = YES;
				CLANG_WARN_INFINITE_RECURSION = YES;
				CLANG_WARN_INT_CONVERSION = YES;
				CLANG_WARN_NON_LITERAL_NULL_CONVERSION = YES;
				CLANG_WARN_OBJC_IMPLICIT_RETAIN_SELF = YES;
				CLANG_WARN_OBJC_LITERAL_CONVERSION = YES;
				CLANG_WARN_OBJC_ROOT_CLASS = YES_ERROR;
				CLANG_WARN_QUOTED_INCLUDE_IN_FRAMEWORK_HEADER = YES;
				CLANG_WARN_RANGE_LOOP_ANALYSIS = YES;
				CLANG_WARN_STRICT_PROTOTYPES = YES;
				CLANG_WARN_SUSPICIOUS_MOVE = YES;
				CLANG_WARN_UNGUARDED_AVAILABILITY = YES_AGGRESSIVE;
				CLANG_WARN_UNREACHABLE_CODE = YES;
				CLANG_WARN__DUPLICATE_METHOD_MATCH = YES;
				COPY_PHASE_STRIP = NO;
				DEBUG_INFORMATION_FORMAT = "dwarf-with-dsym";
				ENABLE_STRICT_OBJC_MSGSEND = YES;
				ENABLE_TESTABILITY = YES;
				GCC_C_LANGUAGE_STANDARD = gnu11;
				GCC_DYNAMIC_NO_PIC = NO;
				GCC_NO_COMMON_BLOCKS = YES;
				GCC_OPTIMIZATION_LEVEL = 0;
				GCC_PREPROCESSOR_DEFINITIONS = (
					"DEBUG=1",
					"$(inherited)",
				);
				GCC_WARN_64_TO_32_BIT_CONVERSION = YES;
				GCC_WARN_ABOUT_RETURN_TYPE = YES_ERROR;
				GCC_WARN_UNDECLARED_SELECTOR = YES;
				GCC_WARN_UNINITIALIZED_AUTOS = YES_AGGRESSIVE;
				GCC_WARN_UNUSED_FUNCTION = YES;
				GCC_WARN_UNUSED_VARIABLE = YES;
				IPHONEOS_DEPLOYMENT_TARGET = 14.1;
				MTL_ENABLE_DEBUG_INFO = INCLUDE_SOURCE;
				MTL_FAST_MATH = YES;
				ONLY_ACTIVE_ARCH = YES;
				SDKROOT = iphoneos;
				SWIFT_ACTIVE_COMPILATION_CONDITIONS = DEBUG;
				SWIFT_OPTIMIZATION_LEVEL = "-Onone";
			};
			name = Debug;
		};
		7555FFA4242A565B00829871 /* Release */ = {
			isa = XCBuildConfiguration;
			buildSettings = {
				ALWAYS_SEARCH_USER_PATHS = NO;
				CLANG_ANALYZER_NONNULL = YES;
				CLANG_ANALYZER_NUMBER_OBJECT_CONVERSION = YES_AGGRESSIVE;
				CLANG_CXX_LANGUAGE_STANDARD = "gnu++14";
				CLANG_CXX_LIBRARY = "libc++";
				CLANG_ENABLE_MODULES = YES;
				CLANG_ENABLE_OBJC_ARC = YES;
				CLANG_ENABLE_OBJC_WEAK = YES;
				CLANG_WARN_BLOCK_CAPTURE_AUTORELEASING = YES;
				CLANG_WARN_BOOL_CONVERSION = YES;
				CLANG_WARN_COMMA = YES;
				CLANG_WARN_CONSTANT_CONVERSION = YES;
				CLANG_WARN_DEPRECATED_OBJC_IMPLEMENTATIONS = YES;
				CLANG_WARN_DIRECT_OBJC_ISA_USAGE = YES_ERROR;
				CLANG_WARN_DOCUMENTATION_COMMENTS = YES;
				CLANG_WARN_EMPTY_BODY = YES;
				CLANG_WARN_ENUM_CONVERSION = YES;
				CLANG_WARN_INFINITE_RECURSION = YES;
				CLANG_WARN_INT_CONVERSION = YES;
				CLANG_WARN_NON_LITERAL_NULL_CONVERSION = YES;
				CLANG_WARN_OBJC_IMPLICIT_RETAIN_SELF = YES;
				CLANG_WARN_OBJC_LITERAL_CONVERSION = YES;
				CLANG_WARN_OBJC_ROOT_CLASS = YES_ERROR;
				CLANG_WARN_QUOTED_INCLUDE_IN_FRAMEWORK_HEADER = YES;
				CLANG_WARN_RANGE_LOOP_ANALYSIS = YES;
				CLANG_WARN_STRICT_PROTOTYPES = YES;
				CLANG_WARN_SUSPICIOUS_MOVE = YES;
				CLANG_WARN_UNGUARDED_AVAILABILITY = YES_AGGRESSIVE;
				CLANG_WARN_UNREACHABLE_CODE = YES;
				CLANG_WARN__DUPLICATE_METHOD_MATCH = YES;
				COPY_PHASE_STRIP = NO;
				DEBUG_INFORMATION_FORMAT = "dwarf-with-dsym";
				ENABLE_NS_ASSERTIONS = NO;
				ENABLE_STRICT_OBJC_MSGSEND = YES;
				GCC_C_LANGUAGE_STANDARD = gnu11;
				GCC_NO_COMMON_BLOCKS = YES;
				GCC_WARN_64_TO_32_BIT_CONVERSION = YES;
				GCC_WARN_ABOUT_RETURN_TYPE = YES_ERROR;
				GCC_WARN_UNDECLARED_SELECTOR = YES;
				GCC_WARN_UNINITIALIZED_AUTOS = YES_AGGRESSIVE;
				GCC_WARN_UNUSED_FUNCTION = YES;
				GCC_WARN_UNUSED_VARIABLE = YES;
				IPHONEOS_DEPLOYMENT_TARGET = 14.1;
				MTL_ENABLE_DEBUG_INFO = NO;
				MTL_FAST_MATH = YES;
				SDKROOT = iphoneos;
				SWIFT_COMPILATION_MODE = wholemodule;
				SWIFT_OPTIMIZATION_LEVEL = "-O";
				VALIDATE_PRODUCT = YES;
			};
			name = Release;
		};
		7555FFA6242A565B00829871 /* Debug */ = {
			isa = XCBuildConfiguration;
			buildSettings = {
				ASSETCATALOG_COMPILER_APPICON_NAME = AppIcon;
				CODE_SIGN_STYLE = Automatic;
				DEVELOPMENT_ASSET_PATHS = "\"iosApp/Preview Content\"";
				ENABLE_PREVIEWS = YES;
				FRAMEWORK_SEARCH_PATHS = (
					"$(inherited)",
					"$(SRCROOT)/../shared/build/xcode-frameworks/$(CONFIGURATION)/$(SDK_NAME)",
				);
				INFOPLIST_FILE = iosApp/Info.plist;
				LD_RUNPATH_SEARCH_PATHS = (
					"$(inherited)",
					"@executable_path/Frameworks",
				);
				OTHER_LDFLAGS = (
					"$(inherited)",
					"-framework",
					shared,
				);
				PRODUCT_BUNDLE_IDENTIFIER = orgIdentifier.iosApp;
				PRODUCT_NAME = "$(TARGET_NAME)";
				SWIFT_VERSION = 5.0;
				TARGETED_DEVICE_FAMILY = "1,2";
			};
			name = Debug;
		};
		7555FFA7242A565B00829871 /* Release */ = {
			isa = XCBuildConfiguration;
			buildSettings = {
				ASSETCATALOG_COMPILER_APPICON_NAME = AppIcon;
				CODE_SIGN_STYLE = Automatic;
				DEVELOPMENT_ASSET_PATHS = "\"iosApp/Preview Content\"";
				ENABLE_PREVIEWS = YES;
				FRAMEWORK_SEARCH_PATHS = (
					"$(inherited)",
					"$(SRCROOT)/../shared/build/xcode-frameworks/$(CONFIGURATION)/$(SDK_NAME)",
				);
				INFOPLIST_FILE = iosApp/Info.plist;
				LD_RUNPATH_SEARCH_PATHS = (
					"$(inherited)",
					"@executable_path/Frameworks",
				);
				OTHER_LDFLAGS = (
					"$(inherited)",
					"-framework",
					shared,
				);
				PRODUCT_BUNDLE_IDENTIFIER = orgIdentifier.iosApp;
				PRODUCT_NAME = "$(TARGET_NAME)";
				SWIFT_VERSION = 5.0;
				TARGETED_DEVICE_FAMILY = "1,2";
			};
			name = Release;
		};
/* End XCBuildConfiguration section */

/* Begin XCConfigurationList section */
		7555FF76242A565900829871 /* Build configuration list for PBXProject "iosApp" */ = {
			isa = XCConfigurationList;
			buildConfigurations = (
				7555FFA3242A565B00829871 /* Debug */,
				7555FFA4242A565B00829871 /* Release */,
			);
			defaultConfigurationIsVisible = 0;
			defaultConfigurationName = Release;
		};
		7555FFA5242A565B00829871 /* Build configuration list for PBXNativeTarget "iosApp" */ = {
			isa = XCConfigurationList;
			buildConfigurations = (
				7555FFA6242A565B00829871 /* Debug */,
				7555FFA7242A565B00829871 /* Release */,
			);
			defaultConfigurationIsVisible = 0;
			defaultConfigurationName = Release;
		};
/* End XCConfigurationList section */
	};
	rootObject = 7555FF73242A565900829871 /* Project object */;
}
